dependencies:
- name: postgresql
  repository: https://charts.bitnami.com/bitnami
  version: 10.3.1
- name: mongodb
  repository: https://charts.bitnami.com/bitnami
  version: 10.6.5
digest: sha256:c29be8ad4e1fa36cbf98849a717c735d0924db7aafe3bdc8b2c4a52fe6fd5b96
generated: "2021-02-11T22:27:16.0201533-05:00"
