dependencies:
- name: postgresql
  repository: https://charts.bitnami.com/bitnami
  version: 10.2.7
- name: mongodb
  repository: https://charts.bitnami.com/bitnami
  version: 10.3.7
digest: sha256:972409c145aaa7fa5ecb0098c2511dbe0e20eacff41df95163b01ad05569e79b
generated: "2021-02-05T21:44:31.6601174-05:00"
