dependencies:
- name: postgresql
  repository: https://charts.bitnami.com/bitnami
  version: 10.2.5
- name: mongodb
  repository: https://charts.bitnami.com/bitnami
  version: 10.3.7
- name: jupyterhub
  repository: https://jupyterhub.github.io/helm-chart/
  version: 0.11.1
digest: sha256:8d5a73500e105d27f942b61b7a510054ad7f175eaaf98e23fbdc95143e152289
generated: "2021-01-28T07:00:56.1225821-05:00"
